// !$*UTF8*$!
{
	archiveVersion = 1;
	classes = {
	};
	objectVersion = 56;
	objects = {

/* Begin PBXBuildFile section */
		2335E3D529EAD0E0008F7EB0 /* CategoryHome.swift in Sources */ = {isa = PBXBuildFile; fileRef = 2335E3D429EAD0E0008F7EB0 /* CategoryHome.swift */; };
		2335E3D729EAD1F9008F7EB0 /* CategoryRow.swift in Sources */ = {isa = PBXBuildFile; fileRef = 2335E3D629EAD1F9008F7EB0 /* CategoryRow.swift */; };
		2335E3D929EAD317008F7EB0 /* CategoryItem.swift in Sources */ = {isa = PBXBuildFile; fileRef = 2335E3D829EAD317008F7EB0 /* CategoryItem.swift */; };
		2337798929E922BB007A355B /* LandmarksApp.swift in Sources */ = {isa = PBXBuildFile; fileRef = 2337798829E922BB007A355B /* LandmarksApp.swift */; };
		2337798B29E922BB007A355B /* ContentView.swift in Sources */ = {isa = PBXBuildFile; fileRef = 2337798A29E922BB007A355B /* ContentView.swift */; };
		2337798D29E922BC007A355B /* Assets.xcassets in Resources */ = {isa = PBXBuildFile; fileRef = 2337798C29E922BC007A355B /* Assets.xcassets */; };
		2337799029E922BC007A355B /* Preview Assets.xcassets in Resources */ = {isa = PBXBuildFile; fileRef = 2337798F29E922BC007A355B /* Preview Assets.xcassets */; };
		2337799A29E922BC007A355B /* LandmarksTests.swift in Sources */ = {isa = PBXBuildFile; fileRef = 2337799929E922BC007A355B /* LandmarksTests.swift */; };
		233779A429E922BC007A355B /* LandmarksUITests.swift in Sources */ = {isa = PBXBuildFile; fileRef = 233779A329E922BC007A355B /* LandmarksUITests.swift */; };
		233779A629E922BC007A355B /* LandmarksUITestsLaunchTests.swift in Sources */ = {isa = PBXBuildFile; fileRef = 233779A529E922BC007A355B /* LandmarksUITestsLaunchTests.swift */; };
		233779B529E9260B007A355B /* CircleImage.swift in Sources */ = {isa = PBXBuildFile; fileRef = 233779B429E9260B007A355B /* CircleImage.swift */; };
		233779B729E926DD007A355B /* MapView.swift in Sources */ = {isa = PBXBuildFile; fileRef = 233779B629E926DD007A355B /* MapView.swift */; };
		233779C229E9602E007A355B /* landmarkData.json in Resources */ = {isa = PBXBuildFile; fileRef = 233779C129E9602E007A355B /* landmarkData.json */; };
		233779C429E9603B007A355B /* Landmark.swift in Sources */ = {isa = PBXBuildFile; fileRef = 233779C329E9603B007A355B /* Landmark.swift */; };
		233779C629E9607F007A355B /* ModelData.swift in Sources */ = {isa = PBXBuildFile; fileRef = 233779C529E9607F007A355B /* ModelData.swift */; };
		233779CB29E96117007A355B /* LandmarkRow.swift in Sources */ = {isa = PBXBuildFile; fileRef = 233779CA29E96117007A355B /* LandmarkRow.swift */; };
		233779CD29E962F8007A355B /* LandmarkList.swift in Sources */ = {isa = PBXBuildFile; fileRef = 233779CC29E962F8007A355B /* LandmarkList.swift */; };
		233779CF29E963E5007A355B /* LandmarkDetails.swift in Sources */ = {isa = PBXBuildFile; fileRef = 233779CE29E963E5007A355B /* LandmarkDetails.swift */; };
		2391A65029E96F1600BDD1E0 /* FavoriteButton.swift in Sources */ = {isa = PBXBuildFile; fileRef = 2391A64F29E96F1600BDD1E0 /* FavoriteButton.swift */; };
		23A6705429E9896400B40786 /* HexagonParameters.swift in Sources */ = {isa = PBXBuildFile; fileRef = 23A6705329E9896400B40786 /* HexagonParameters.swift */; };
		23A6705629E98A7800B40786 /* BadgeBackground.swift in Sources */ = {isa = PBXBuildFile; fileRef = 23A6705529E98A7800B40786 /* BadgeBackground.swift */; };
		23A6705829E98F6000B40786 /* BadgeSymbol.swift in Sources */ = {isa = PBXBuildFile; fileRef = 23A6705729E98F6000B40786 /* BadgeSymbol.swift */; };
		23A6705C29E9900600B40786 /* RotatedBadgeSymbol.swift in Sources */ = {isa = PBXBuildFile; fileRef = 23A6705B29E9900600B40786 /* RotatedBadgeSymbol.swift */; };
		23A6705E29E9904700B40786 /* Badge.swift in Sources */ = {isa = PBXBuildFile; fileRef = 23A6705D29E9904700B40786 /* Badge.swift */; };
		23A6706129E9922B00B40786 /* hikeData.json in Resources */ = {isa = PBXBuildFile; fileRef = 23A6706029E9922B00B40786 /* hikeData.json */; };
		23A6706329E9924900B40786 /* Hike.swift in Sources */ = {isa = PBXBuildFile; fileRef = 23A6706229E9924900B40786 /* Hike.swift */; };
		23A6707229E9933C00B40786 /* HikeView.swift in Sources */ = {isa = PBXBuildFile; fileRef = 23A6707129E9933C00B40786 /* HikeView.swift */; };
		23A6707429E9934D00B40786 /* HikeDetail.swift in Sources */ = {isa = PBXBuildFile; fileRef = 23A6707329E9934D00B40786 /* HikeDetail.swift */; };
		23A6707629E9936100B40786 /* HikeGraph.swift in Sources */ = {isa = PBXBuildFile; fileRef = 23A6707529E9936100B40786 /* HikeGraph.swift */; };
		23A6707829E9937C00B40786 /* GraphCapsule.swift in Sources */ = {isa = PBXBuildFile; fileRef = 23A6707729E9937C00B40786 /* GraphCapsule.swift */; };
/* End PBXBuildFile section */

/* Begin PBXContainerItemProxy section */
		2337799629E922BC007A355B /* PBXContainerItemProxy */ = {
			isa = PBXContainerItemProxy;
			containerPortal = 2337797D29E922BB007A355B /* Project object */;
			proxyType = 1;
			remoteGlobalIDString = 2337798429E922BB007A355B;
			remoteInfo = Landmarks;
		};
		233779A029E922BC007A355B /* PBXContainerItemProxy */ = {
			isa = PBXContainerItemProxy;
			containerPortal = 2337797D29E922BB007A355B /* Project object */;
			proxyType = 1;
			remoteGlobalIDString = 2337798429E922BB007A355B;
			remoteInfo = Landmarks;
		};
/* End PBXContainerItemProxy section */

/* Begin PBXFileReference section */
		2335E3D429EAD0E0008F7EB0 /* CategoryHome.swift */ = {isa = PBXFileReference; lastKnownFileType = sourcecode.swift; path = CategoryHome.swift; sourceTree = "<group>"; };
		2335E3D629EAD1F9008F7EB0 /* CategoryRow.swift */ = {isa = PBXFileReference; lastKnownFileType = sourcecode.swift; path = CategoryRow.swift; sourceTree = "<group>"; };
		2335E3D829EAD317008F7EB0 /* CategoryItem.swift */ = {isa = PBXFileReference; lastKnownFileType = sourcecode.swift; path = CategoryItem.swift; sourceTree = "<group>"; };
		2337798529E922BB007A355B /* Landmarks.app */ = {isa = PBXFileReference; explicitFileType = wrapper.application; includeInIndex = 0; path = Landmarks.app; sourceTree = BUILT_PRODUCTS_DIR; };
		2337798829E922BB007A355B /* LandmarksApp.swift */ = {isa = PBXFileReference; lastKnownFileType = sourcecode.swift; path = LandmarksApp.swift; sourceTree = "<group>"; };
		2337798A29E922BB007A355B /* ContentView.swift */ = {isa = PBXFileReference; lastKnownFileType = sourcecode.swift; path = ContentView.swift; sourceTree = "<group>"; };
		2337798C29E922BC007A355B /* Assets.xcassets */ = {isa = PBXFileReference; lastKnownFileType = folder.assetcatalog; path = Assets.xcassets; sourceTree = "<group>"; };
		2337798F29E922BC007A355B /* Preview Assets.xcassets */ = {isa = PBXFileReference; lastKnownFileType = folder.assetcatalog; path = "Preview Assets.xcassets"; sourceTree = "<group>"; };
		2337799529E922BC007A355B /* LandmarksTests.xctest */ = {isa = PBXFileReference; explicitFileType = wrapper.cfbundle; includeInIndex = 0; path = LandmarksTests.xctest; sourceTree = BUILT_PRODUCTS_DIR; };
		2337799929E922BC007A355B /* LandmarksTests.swift */ = {isa = PBXFileReference; lastKnownFileType = sourcecode.swift; path = LandmarksTests.swift; sourceTree = "<group>"; };
		2337799F29E922BC007A355B /* LandmarksUITests.xctest */ = {isa = PBXFileReference; explicitFileType = wrapper.cfbundle; includeInIndex = 0; path = LandmarksUITests.xctest; sourceTree = BUILT_PRODUCTS_DIR; };
		233779A329E922BC007A355B /* LandmarksUITests.swift */ = {isa = PBXFileReference; lastKnownFileType = sourcecode.swift; path = LandmarksUITests.swift; sourceTree = "<group>"; };
		233779A529E922BC007A355B /* LandmarksUITestsLaunchTests.swift */ = {isa = PBXFileReference; lastKnownFileType = sourcecode.swift; path = LandmarksUITestsLaunchTests.swift; sourceTree = "<group>"; };
		233779B429E9260B007A355B /* CircleImage.swift */ = {isa = PBXFileReference; lastKnownFileType = sourcecode.swift; path = CircleImage.swift; sourceTree = "<group>"; };
		233779B629E926DD007A355B /* MapView.swift */ = {isa = PBXFileReference; lastKnownFileType = sourcecode.swift; path = MapView.swift; sourceTree = "<group>"; };
		233779C129E9602E007A355B /* landmarkData.json */ = {isa = PBXFileReference; fileEncoding = 4; lastKnownFileType = text.json; path = landmarkData.json; sourceTree = "<group>"; };
		233779C329E9603B007A355B /* Landmark.swift */ = {isa = PBXFileReference; lastKnownFileType = sourcecode.swift; path = Landmark.swift; sourceTree = "<group>"; };
		233779C529E9607F007A355B /* ModelData.swift */ = {isa = PBXFileReference; lastKnownFileType = sourcecode.swift; path = ModelData.swift; sourceTree = "<group>"; };
		233779CA29E96117007A355B /* LandmarkRow.swift */ = {isa = PBXFileReference; lastKnownFileType = sourcecode.swift; path = LandmarkRow.swift; sourceTree = "<group>"; };
		233779CC29E962F8007A355B /* LandmarkList.swift */ = {isa = PBXFileReference; lastKnownFileType = sourcecode.swift; path = LandmarkList.swift; sourceTree = "<group>"; };
		233779CE29E963E5007A355B /* LandmarkDetails.swift */ = {isa = PBXFileReference; lastKnownFileType = sourcecode.swift; path = LandmarkDetails.swift; sourceTree = "<group>"; };
		2391A64F29E96F1600BDD1E0 /* FavoriteButton.swift */ = {isa = PBXFileReference; lastKnownFileType = sourcecode.swift; path = FavoriteButton.swift; sourceTree = "<group>"; };
		23A6705329E9896400B40786 /* HexagonParameters.swift */ = {isa = PBXFileReference; lastKnownFileType = sourcecode.swift; path = HexagonParameters.swift; sourceTree = "<group>"; };
		23A6705529E98A7800B40786 /* BadgeBackground.swift */ = {isa = PBXFileReference; lastKnownFileType = sourcecode.swift; path = BadgeBackground.swift; sourceTree = "<group>"; };
		23A6705729E98F6000B40786 /* BadgeSymbol.swift */ = {isa = PBXFileReference; lastKnownFileType = sourcecode.swift; path = BadgeSymbol.swift; sourceTree = "<group>"; };
		23A6705B29E9900600B40786 /* RotatedBadgeSymbol.swift */ = {isa = PBXFileReference; lastKnownFileType = sourcecode.swift; path = RotatedBadgeSymbol.swift; sourceTree = "<group>"; };
		23A6705D29E9904700B40786 /* Badge.swift */ = {isa = PBXFileReference; lastKnownFileType = sourcecode.swift; path = Badge.swift; sourceTree = "<group>"; };
		23A6706029E9922B00B40786 /* hikeData.json */ = {isa = PBXFileReference; fileEncoding = 4; lastKnownFileType = text.json; path = hikeData.json; sourceTree = "<group>"; };
		23A6706229E9924900B40786 /* Hike.swift */ = {isa = PBXFileReference; lastKnownFileType = sourcecode.swift; path = Hike.swift; sourceTree = "<group>"; };
		23A6707129E9933C00B40786 /* HikeView.swift */ = {isa = PBXFileReference; lastKnownFileType = sourcecode.swift; path = HikeView.swift; sourceTree = "<group>"; };
		23A6707329E9934D00B40786 /* HikeDetail.swift */ = {isa = PBXFileReference; lastKnownFileType = sourcecode.swift; path = HikeDetail.swift; sourceTree = "<group>"; };
		23A6707529E9936100B40786 /* HikeGraph.swift */ = {isa = PBXFileReference; lastKnownFileType = sourcecode.swift; path = HikeGraph.swift; sourceTree = "<group>"; };
		23A6707729E9937C00B40786 /* GraphCapsule.swift */ = {isa = PBXFileReference; lastKnownFileType = sourcecode.swift; path = GraphCapsule.swift; sourceTree = "<group>"; };
/* End PBXFileReference section */

/* Begin PBXFrameworksBuildPhase section */
		2337798229E922BB007A355B /* Frameworks */ = {
			isa = PBXFrameworksBuildPhase;
			buildActionMask = 2147483647;
			files = (
			);
			runOnlyForDeploymentPostprocessing = 0;
		};
		2337799229E922BC007A355B /* Frameworks */ = {
			isa = PBXFrameworksBuildPhase;
			buildActionMask = 2147483647;
			files = (
			);
			runOnlyForDeploymentPostprocessing = 0;
		};
		2337799C29E922BC007A355B /* Frameworks */ = {
			isa = PBXFrameworksBuildPhase;
			buildActionMask = 2147483647;
			files = (
			);
			runOnlyForDeploymentPostprocessing = 0;
		};
/* End PBXFrameworksBuildPhase section */

/* Begin PBXGroup section */
		2335E3D329EAD0CF008F7EB0 /* Categories */ = {
			isa = PBXGroup;
			children = (
				2335E3D429EAD0E0008F7EB0 /* CategoryHome.swift */,
				2335E3D629EAD1F9008F7EB0 /* CategoryRow.swift */,
				2335E3D829EAD317008F7EB0 /* CategoryItem.swift */,
			);
			path = Categories;
			sourceTree = "<group>";
		};
		2337797C29E922BB007A355B = {
			isa = PBXGroup;
			children = (
				2337798729E922BB007A355B /* Landmarks */,
				2337799829E922BC007A355B /* LandmarksTests */,
				233779A229E922BC007A355B /* LandmarksUITests */,
				2337798629E922BB007A355B /* Products */,
			);
			sourceTree = "<group>";
		};
		2337798629E922BB007A355B /* Products */ = {
			isa = PBXGroup;
			children = (
				2337798529E922BB007A355B /* Landmarks.app */,
				2337799529E922BC007A355B /* LandmarksTests.xctest */,
				2337799F29E922BC007A355B /* LandmarksUITests.xctest */,
			);
			name = Products;
			sourceTree = "<group>";
		};
		2337798729E922BB007A355B /* Landmarks */ = {
			isa = PBXGroup;
			children = (
				2337798829E922BB007A355B /* LandmarksApp.swift */,
				233779C729E96097007A355B /* Views */,
				233779C829E960C5007A355B /* Model */,
				233779C929E960CC007A355B /* Resources */,
				2337798C29E922BC007A355B /* Assets.xcassets */,
				2337798E29E922BC007A355B /* Preview Content */,
			);
			path = Landmarks;
			sourceTree = "<group>";
		};
		2337798E29E922BC007A355B /* Preview Content */ = {
			isa = PBXGroup;
			children = (
				2337798F29E922BC007A355B /* Preview Assets.xcassets */,
			);
			path = "Preview Content";
			sourceTree = "<group>";
		};
		2337799829E922BC007A355B /* LandmarksTests */ = {
			isa = PBXGroup;
			children = (
				2337799929E922BC007A355B /* LandmarksTests.swift */,
			);
			path = LandmarksTests;
			sourceTree = "<group>";
		};
		233779A229E922BC007A355B /* LandmarksUITests */ = {
			isa = PBXGroup;
			children = (
				233779A329E922BC007A355B /* LandmarksUITests.swift */,
				233779A529E922BC007A355B /* LandmarksUITestsLaunchTests.swift */,
			);
			path = LandmarksUITests;
			sourceTree = "<group>";
		};
		233779C729E96097007A355B /* Views */ = {
			isa = PBXGroup;
			children = (
				2337798A29E922BB007A355B /* ContentView.swift */,
				2335E3D329EAD0CF008F7EB0 /* Categories */,
				23A6706829E992E400B40786 /* Hikes */,
				2391A65129E96FB600BDD1E0 /* Landmark */,
				2391A65229E96FC900BDD1E0 /* Helpers */,
				23A6705F29E9912A00B40786 /* Badges */,
			);
			path = Views;
			sourceTree = "<group>";
		};
		233779C829E960C5007A355B /* Model */ = {
			isa = PBXGroup;
			children = (
				233779C329E9603B007A355B /* Landmark.swift */,
				233779C529E9607F007A355B /* ModelData.swift */,
				23A6706229E9924900B40786 /* Hike.swift */,
			);
			path = Model;
			sourceTree = "<group>";
		};
		233779C929E960CC007A355B /* Resources */ = {
			isa = PBXGroup;
			children = (
				23A6706029E9922B00B40786 /* hikeData.json */,
				233779C129E9602E007A355B /* landmarkData.json */,
			);
			path = Resources;
			sourceTree = "<group>";
		};
		2391A65129E96FB600BDD1E0 /* Landmark */ = {
			isa = PBXGroup;
			children = (
				233779CA29E96117007A355B /* LandmarkRow.swift */,
				233779CC29E962F8007A355B /* LandmarkList.swift */,
				233779CE29E963E5007A355B /* LandmarkDetails.swift */,
			);
			path = Landmark;
			sourceTree = "<group>";
		};
		2391A65229E96FC900BDD1E0 /* Helpers */ = {
			isa = PBXGroup;
			children = (
				233779B429E9260B007A355B /* CircleImage.swift */,
				233779B629E926DD007A355B /* MapView.swift */,
				2391A64F29E96F1600BDD1E0 /* FavoriteButton.swift */,
			);
			path = Helpers;
			sourceTree = "<group>";
		};
		23A6705F29E9912A00B40786 /* Badges */ = {
			isa = PBXGroup;
			children = (
				23A6705329E9896400B40786 /* HexagonParameters.swift */,
				23A6705529E98A7800B40786 /* BadgeBackground.swift */,
				23A6705B29E9900600B40786 /* RotatedBadgeSymbol.swift */,
				23A6705729E98F6000B40786 /* BadgeSymbol.swift */,
				23A6705D29E9904700B40786 /* Badge.swift */,
			);
			path = Badges;
			sourceTree = "<group>";
		};
		23A6706829E992E400B40786 /* Hikes */ = {
			isa = PBXGroup;
			children = (
				23A6707129E9933C00B40786 /* HikeView.swift */,
				23A6707329E9934D00B40786 /* HikeDetail.swift */,
				23A6707529E9936100B40786 /* HikeGraph.swift */,
				23A6707729E9937C00B40786 /* GraphCapsule.swift */,
			);
			path = Hikes;
			sourceTree = "<group>";
		};
/* End PBXGroup section */

/* Begin PBXNativeTarget section */
		2337798429E922BB007A355B /* Landmarks */ = {
			isa = PBXNativeTarget;
			buildConfigurationList = 233779A929E922BC007A355B /* Build configuration list for PBXNativeTarget "Landmarks" */;
			buildPhases = (
				2337798129E922BB007A355B /* Sources */,
				2337798229E922BB007A355B /* Frameworks */,
				2337798329E922BB007A355B /* Resources */,
			);
			buildRules = (
			);
			dependencies = (
			);
			name = Landmarks;
			productName = Landmarks;
			productReference = 2337798529E922BB007A355B /* Landmarks.app */;
			productType = "com.apple.product-type.application";
		};
		2337799429E922BC007A355B /* LandmarksTests */ = {
			isa = PBXNativeTarget;
			buildConfigurationList = 233779AC29E922BC007A355B /* Build configuration list for PBXNativeTarget "LandmarksTests" */;
			buildPhases = (
				2337799129E922BC007A355B /* Sources */,
				2337799229E922BC007A355B /* Frameworks */,
				2337799329E922BC007A355B /* Resources */,
			);
			buildRules = (
			);
			dependencies = (
				2337799729E922BC007A355B /* PBXTargetDependency */,
			);
			name = LandmarksTests;
			productName = LandmarksTests;
			productReference = 2337799529E922BC007A355B /* LandmarksTests.xctest */;
			productType = "com.apple.product-type.bundle.unit-test";
		};
		2337799E29E922BC007A355B /* LandmarksUITests */ = {
			isa = PBXNativeTarget;
			buildConfigurationList = 233779AF29E922BC007A355B /* Build configuration list for PBXNativeTarget "LandmarksUITests" */;
			buildPhases = (
				2337799B29E922BC007A355B /* Sources */,
				2337799C29E922BC007A355B /* Frameworks */,
				2337799D29E922BC007A355B /* Resources */,
			);
			buildRules = (
			);
			dependencies = (
				233779A129E922BC007A355B /* PBXTargetDependency */,
			);
			name = LandmarksUITests;
			productName = LandmarksUITests;
			productReference = 2337799F29E922BC007A355B /* LandmarksUITests.xctest */;
			productType = "com.apple.product-type.bundle.ui-testing";
		};
/* End PBXNativeTarget section */

/* Begin PBXProject section */
		2337797D29E922BB007A355B /* Project object */ = {
			isa = PBXProject;
			attributes = {
				BuildIndependentTargetsInParallel = 1;
				LastSwiftUpdateCheck = 1420;
				LastUpgradeCheck = 1420;
				TargetAttributes = {
					2337798429E922BB007A355B = {
						CreatedOnToolsVersion = 14.2;
					};
					2337799429E922BC007A355B = {
						CreatedOnToolsVersion = 14.2;
						TestTargetID = 2337798429E922BB007A355B;
					};
					2337799E29E922BC007A355B = {
						CreatedOnToolsVersion = 14.2;
						TestTargetID = 2337798429E922BB007A355B;
					};
				};
			};
			buildConfigurationList = 2337798029E922BB007A355B /* Build configuration list for PBXProject "Landmarks" */;
			compatibilityVersion = "Xcode 14.0";
			developmentRegion = en;
			hasScannedForEncodings = 0;
			knownRegions = (
				en,
				Base,
			);
			mainGroup = 2337797C29E922BB007A355B;
			productRefGroup = 2337798629E922BB007A355B /* Products */;
			projectDirPath = "";
			projectRoot = "";
			targets = (
				2337798429E922BB007A355B /* Landmarks */,
				2337799429E922BC007A355B /* LandmarksTests */,
				2337799E29E922BC007A355B /* LandmarksUITests */,
			);
		};
/* End PBXProject section */

/* Begin PBXResourcesBuildPhase section */
		2337798329E922BB007A355B /* Resources */ = {
			isa = PBXResourcesBuildPhase;
			buildActionMask = 2147483647;
			files = (
				23A6706129E9922B00B40786 /* hikeData.json in Resources */,
				2337799029E922BC007A355B /* Preview Assets.xcassets in Resources */,
				2337798D29E922BC007A355B /* Assets.xcassets in Resources */,
				233779C229E9602E007A355B /* landmarkData.json in Resources */,
			);
			runOnlyForDeploymentPostprocessing = 0;
		};
		2337799329E922BC007A355B /* Resources */ = {
			isa = PBXResourcesBuildPhase;
			buildActionMask = 2147483647;
			files = (
			);
			runOnlyForDeploymentPostprocessing = 0;
		};
		2337799D29E922BC007A355B /* Resources */ = {
			isa = PBXResourcesBuildPhase;
			buildActionMask = 2147483647;
			files = (
			);
			runOnlyForDeploymentPostprocessing = 0;
		};
/* End PBXResourcesBuildPhase section */

/* Begin PBXSourcesBuildPhase section */
		2337798129E922BB007A355B /* Sources */ = {
			isa = PBXSourcesBuildPhase;
			buildActionMask = 2147483647;
			files = (
				2335E3D729EAD1F9008F7EB0 /* CategoryRow.swift in Sources */,
				23A6707829E9937C00B40786 /* GraphCapsule.swift in Sources */,
				2335E3D529EAD0E0008F7EB0 /* CategoryHome.swift in Sources */,
				2337798B29E922BB007A355B /* ContentView.swift in Sources */,
				23A6705E29E9904700B40786 /* Badge.swift in Sources */,
				233779B729E926DD007A355B /* MapView.swift in Sources */,
				2337798929E922BB007A355B /* LandmarksApp.swift in Sources */,
				23A6707629E9936100B40786 /* HikeGraph.swift in Sources */,
				2391A65029E96F1600BDD1E0 /* FavoriteButton.swift in Sources */,
				2335E3D929EAD317008F7EB0 /* CategoryItem.swift in Sources */,
				23A6707229E9933C00B40786 /* HikeView.swift in Sources */,
				23A6705429E9896400B40786 /* HexagonParameters.swift in Sources */,
				23A6706329E9924900B40786 /* Hike.swift in Sources */,
				23A6705C29E9900600B40786 /* RotatedBadgeSymbol.swift in Sources */,
				23A6705829E98F6000B40786 /* BadgeSymbol.swift in Sources */,
				233779CD29E962F8007A355B /* LandmarkList.swift in Sources */,
				23A6707429E9934D00B40786 /* HikeDetail.swift in Sources */,
				233779B529E9260B007A355B /* CircleImage.swift in Sources */,
				23A6705629E98A7800B40786 /* BadgeBackground.swift in Sources */,
				233779C429E9603B007A355B /* Landmark.swift in Sources */,
				233779CB29E96117007A355B /* LandmarkRow.swift in Sources */,
				233779C629E9607F007A355B /* ModelData.swift in Sources */,
				233779CF29E963E5007A355B /* LandmarkDetails.swift in Sources */,
			);
			runOnlyForDeploymentPostprocessing = 0;
		};
		2337799129E922BC007A355B /* Sources */ = {
			isa = PBXSourcesBuildPhase;
			buildActionMask = 2147483647;
			files = (
				2337799A29E922BC007A355B /* LandmarksTests.swift in Sources */,
			);
			runOnlyForDeploymentPostprocessing = 0;
		};
		2337799B29E922BC007A355B /* Sources */ = {
			isa = PBXSourcesBuildPhase;
			buildActionMask = 2147483647;
			files = (
				233779A629E922BC007A355B /* LandmarksUITestsLaunchTests.swift in Sources */,
				233779A429E922BC007A355B /* LandmarksUITests.swift in Sources */,
			);
			runOnlyForDeploymentPostprocessing = 0;
		};
/* End PBXSourcesBuildPhase section */

/* Begin PBXTargetDependency section */
		2337799729E922BC007A355B /* PBXTargetDependency */ = {
			isa = PBXTargetDependency;
			target = 2337798429E922BB007A355B /* Landmarks */;
			targetProxy = 2337799629E922BC007A355B /* PBXContainerItemProxy */;
		};
		233779A129E922BC007A355B /* PBXTargetDependency */ = {
			isa = PBXTargetDependency;
			target = 2337798429E922BB007A355B /* Landmarks */;
			targetProxy = 233779A029E922BC007A355B /* PBXContainerItemProxy */;
		};
/* End PBXTargetDependency section */

/* Begin XCBuildConfiguration section */
		233779A729E922BC007A355B /* Debug */ = {
			isa = XCBuildConfiguration;
			buildSettings = {
				ALWAYS_SEARCH_USER_PATHS = NO;
				CLANG_ANALYZER_NONNULL = YES;
				CLANG_ANALYZER_NUMBER_OBJECT_CONVERSION = YES_AGGRESSIVE;
				CLANG_CXX_LANGUAGE_STANDARD = "gnu++20";
				CLANG_ENABLE_MODULES = YES;
				CLANG_ENABLE_OBJC_ARC = YES;
				CLANG_ENABLE_OBJC_WEAK = YES;
				CLANG_WARN_BLOCK_CAPTURE_AUTORELEASING = YES;
				CLANG_WARN_BOOL_CONVERSION = YES;
				CLANG_WARN_COMMA = YES;
				CLANG_WARN_CONSTANT_CONVERSION = YES;
				CLANG_WARN_DEPRECATED_OBJC_IMPLEMENTATIONS = YES;
				CLANG_WARN_DIRECT_OBJC_ISA_USAGE = YES_ERROR;
				CLANG_WARN_DOCUMENTATION_COMMENTS = YES;
				CLANG_WARN_EMPTY_BODY = YES;
				CLANG_WARN_ENUM_CONVERSION = YES;
				CLANG_WARN_INFINITE_RECURSION = YES;
				CLANG_WARN_INT_CONVERSION = YES;
				CLANG_WARN_NON_LITERAL_NULL_CONVERSION = YES;
				CLANG_WARN_OBJC_IMPLICIT_RETAIN_SELF = YES;
				CLANG_WARN_OBJC_LITERAL_CONVERSION = YES;
				CLANG_WARN_OBJC_ROOT_CLASS = YES_ERROR;
				CLANG_WARN_QUOTED_INCLUDE_IN_FRAMEWORK_HEADER = YES;
				CLANG_WARN_RANGE_LOOP_ANALYSIS = YES;
				CLANG_WARN_STRICT_PROTOTYPES = YES;
				CLANG_WARN_SUSPICIOUS_MOVE = YES;
				CLANG_WARN_UNGUARDED_AVAILABILITY = YES_AGGRESSIVE;
				CLANG_WARN_UNREACHABLE_CODE = YES;
				CLANG_WARN__DUPLICATE_METHOD_MATCH = YES;
				COPY_PHASE_STRIP = NO;
				DEBUG_INFORMATION_FORMAT = dwarf;
				ENABLE_STRICT_OBJC_MSGSEND = YES;
				ENABLE_TESTABILITY = YES;
				GCC_C_LANGUAGE_STANDARD = gnu11;
				GCC_DYNAMIC_NO_PIC = NO;
				GCC_NO_COMMON_BLOCKS = YES;
				GCC_OPTIMIZATION_LEVEL = 0;
				GCC_PREPROCESSOR_DEFINITIONS = (
					"DEBUG=1",
					"$(inherited)",
				);
				GCC_WARN_64_TO_32_BIT_CONVERSION = YES;
				GCC_WARN_ABOUT_RETURN_TYPE = YES_ERROR;
				GCC_WARN_UNDECLARED_SELECTOR = YES;
				GCC_WARN_UNINITIALIZED_AUTOS = YES_AGGRESSIVE;
				GCC_WARN_UNUSED_FUNCTION = YES;
				GCC_WARN_UNUSED_VARIABLE = YES;
				IPHONEOS_DEPLOYMENT_TARGET = 16.2;
				MTL_ENABLE_DEBUG_INFO = INCLUDE_SOURCE;
				MTL_FAST_MATH = YES;
				ONLY_ACTIVE_ARCH = YES;
				SDKROOT = iphoneos;
				SWIFT_ACTIVE_COMPILATION_CONDITIONS = DEBUG;
				SWIFT_OPTIMIZATION_LEVEL = "-Onone";
			};
			name = Debug;
		};
		233779A829E922BC007A355B /* Release */ = {
			isa = XCBuildConfiguration;
			buildSettings = {
				ALWAYS_SEARCH_USER_PATHS = NO;
				CLANG_ANALYZER_NONNULL = YES;
				CLANG_ANALYZER_NUMBER_OBJECT_CONVERSION = YES_AGGRESSIVE;
				CLANG_CXX_LANGUAGE_STANDARD = "gnu++20";
				CLANG_ENABLE_MODULES = YES;
				CLANG_ENABLE_OBJC_ARC = YES;
				CLANG_ENABLE_OBJC_WEAK = YES;
				CLANG_WARN_BLOCK_CAPTURE_AUTORELEASING = YES;
				CLANG_WARN_BOOL_CONVERSION = YES;
				CLANG_WARN_COMMA = YES;
				CLANG_WARN_CONSTANT_CONVERSION = YES;
				CLANG_WARN_DEPRECATED_OBJC_IMPLEMENTATIONS = YES;
				CLANG_WARN_DIRECT_OBJC_ISA_USAGE = YES_ERROR;
				CLANG_WARN_DOCUMENTATION_COMMENTS = YES;
				CLANG_WARN_EMPTY_BODY = YES;
				CLANG_WARN_ENUM_CONVERSION = YES;
				CLANG_WARN_INFINITE_RECURSION = YES;
				CLANG_WARN_INT_CONVERSION = YES;
				CLANG_WARN_NON_LITERAL_NULL_CONVERSION = YES;
				CLANG_WARN_OBJC_IMPLICIT_RETAIN_SELF = YES;
				CLANG_WARN_OBJC_LITERAL_CONVERSION = YES;
				CLANG_WARN_OBJC_ROOT_CLASS = YES_ERROR;
				CLANG_WARN_QUOTED_INCLUDE_IN_FRAMEWORK_HEADER = YES;
				CLANG_WARN_RANGE_LOOP_ANALYSIS = YES;
				CLANG_WARN_STRICT_PROTOTYPES = YES;
				CLANG_WARN_SUSPICIOUS_MOVE = YES;
				CLANG_WARN_UNGUARDED_AVAILABILITY = YES_AGGRESSIVE;
				CLANG_WARN_UNREACHABLE_CODE = YES;
				CLANG_WARN__DUPLICATE_METHOD_MATCH = YES;
				COPY_PHASE_STRIP = NO;
				DEBUG_INFORMATION_FORMAT = "dwarf-with-dsym";
				ENABLE_NS_ASSERTIONS = NO;
				ENABLE_STRICT_OBJC_MSGSEND = YES;
				GCC_C_LANGUAGE_STANDARD = gnu11;
				GCC_NO_COMMON_BLOCKS = YES;
				GCC_WARN_64_TO_32_BIT_CONVERSION = YES;
				GCC_WARN_ABOUT_RETURN_TYPE = YES_ERROR;
				GCC_WARN_UNDECLARED_SELECTOR = YES;
				GCC_WARN_UNINITIALIZED_AUTOS = YES_AGGRESSIVE;
				GCC_WARN_UNUSED_FUNCTION = YES;
				GCC_WARN_UNUSED_VARIABLE = YES;
				IPHONEOS_DEPLOYMENT_TARGET = 16.2;
				MTL_ENABLE_DEBUG_INFO = NO;
				MTL_FAST_MATH = YES;
				SDKROOT = iphoneos;
				SWIFT_COMPILATION_MODE = wholemodule;
				SWIFT_OPTIMIZATION_LEVEL = "-O";
				VALIDATE_PRODUCT = YES;
			};
			name = Release;
		};
		233779AA29E922BC007A355B /* Debug */ = {
			isa = XCBuildConfiguration;
			buildSettings = {
				ASSETCATALOG_COMPILER_APPICON_NAME = AppIcon;
				ASSETCATALOG_COMPILER_GLOBAL_ACCENT_COLOR_NAME = AccentColor;
				CODE_SIGN_STYLE = Automatic;
				CURRENT_PROJECT_VERSION = 1;
				DEVELOPMENT_ASSET_PATHS = "\"Landmarks/Preview Content\"";
				ENABLE_PREVIEWS = YES;
				GENERATE_INFOPLIST_FILE = YES;
				INFOPLIST_KEY_UIApplicationSceneManifest_Generation = YES;
				INFOPLIST_KEY_UIApplicationSupportsIndirectInputEvents = YES;
				INFOPLIST_KEY_UILaunchScreen_Generation = YES;
				INFOPLIST_KEY_UISupportedInterfaceOrientations_iPad = "UIInterfaceOrientationPortrait UIInterfaceOrientationPortraitUpsideDown UIInterfaceOrientationLandscapeLeft UIInterfaceOrientationLandscapeRight";
				INFOPLIST_KEY_UISupportedInterfaceOrientations_iPhone = "UIInterfaceOrientationPortrait UIInterfaceOrientationLandscapeLeft UIInterfaceOrientationLandscapeRight";
				LD_RUNPATH_SEARCH_PATHS = (
					"$(inherited)",
					"@executable_path/Frameworks",
				);
				MARKETING_VERSION = 1.0;
				PRODUCT_BUNDLE_IDENTIFIER = me.vashist.Landmarks;
				PRODUCT_NAME = "$(TARGET_NAME)";
				SWIFT_EMIT_LOC_STRINGS = YES;
				SWIFT_VERSION = 5.0;
				TARGETED_DEVICE_FAMILY = "1,2";
			};
			name = Debug;
		};
		233779AB29E922BC007A355B /* Release */ = {
			isa = XCBuildConfiguration;
			buildSettings = {
				ASSETCATALOG_COMPILER_APPICON_NAME = AppIcon;
				ASSETCATALOG_COMPILER_GLOBAL_ACCENT_COLOR_NAME = AccentColor;
				CODE_SIGN_STYLE = Automatic;
				CURRENT_PROJECT_VERSION = 1;
				DEVELOPMENT_ASSET_PATHS = "\"Landmarks/Preview Content\"";
				ENABLE_PREVIEWS = YES;
				GENERATE_INFOPLIST_FILE = YES;
				INFOPLIST_KEY_UIApplicationSceneManifest_Generation = YES;
				INFOPLIST_KEY_UIApplicationSupportsIndirectInputEvents = YES;
				INFOPLIST_KEY_UILaunchScreen_Generation = YES;
				INFOPLIST_KEY_UISupportedInterfaceOrientations_iPad = "UIInterfaceOrientationPortrait UIInterfaceOrientationPortraitUpsideDown UIInterfaceOrientationLandscapeLeft UIInterfaceOrientationLandscapeRight";
				INFOPLIST_KEY_UISupportedInterfaceOrientations_iPhone = "UIInterfaceOrientationPortrait UIInterfaceOrientationLandscapeLeft UIInterfaceOrientationLandscapeRight";
				LD_RUNPATH_SEARCH_PATHS = (
					"$(inherited)",
					"@executable_path/Frameworks",
				);
				MARKETING_VERSION = 1.0;
				PRODUCT_BUNDLE_IDENTIFIER = me.vashist.Landmarks;
				PRODUCT_NAME = "$(TARGET_NAME)";
				SWIFT_EMIT_LOC_STRINGS = YES;
				SWIFT_VERSION = 5.0;
				TARGETED_DEVICE_FAMILY = "1,2";
			};
			name = Release;
		};
		233779AD29E922BC007A355B /* Debug */ = {
			isa = XCBuildConfiguration;
			buildSettings = {
				ALWAYS_EMBED_SWIFT_STANDARD_LIBRARIES = YES;
				BUNDLE_LOADER = "$(TEST_HOST)";
				CODE_SIGN_STYLE = Automatic;
				CURRENT_PROJECT_VERSION = 1;
				GENERATE_INFOPLIST_FILE = YES;
				IPHONEOS_DEPLOYMENT_TARGET = 16.2;
				MARKETING_VERSION = 1.0;
				PRODUCT_BUNDLE_IDENTIFIER = me.vashist.LandmarksTests;
				PRODUCT_NAME = "$(TARGET_NAME)";
				SWIFT_EMIT_LOC_STRINGS = NO;
				SWIFT_VERSION = 5.0;
				TARGETED_DEVICE_FAMILY = "1,2";
				TEST_HOST = "$(BUILT_PRODUCTS_DIR)/Landmarks.app/$(BUNDLE_EXECUTABLE_FOLDER_PATH)/Landmarks";
			};
			name = Debug;
		};
		233779AE29E922BC007A355B /* Release */ = {
			isa = XCBuildConfiguration;
			buildSettings = {
				ALWAYS_EMBED_SWIFT_STANDARD_LIBRARIES = YES;
				BUNDLE_LOADER = "$(TEST_HOST)";
				CODE_SIGN_STYLE = Automatic;
				CURRENT_PROJECT_VERSION = 1;
				GENERATE_INFOPLIST_FILE = YES;
				IPHONEOS_DEPLOYMENT_TARGET = 16.2;
				MARKETING_VERSION = 1.0;
				PRODUCT_BUNDLE_IDENTIFIER = me.vashist.LandmarksTests;
				PRODUCT_NAME = "$(TARGET_NAME)";
				SWIFT_EMIT_LOC_STRINGS = NO;
				SWIFT_VERSION = 5.0;
				TARGETED_DEVICE_FAMILY = "1,2";
				TEST_HOST = "$(BUILT_PRODUCTS_DIR)/Landmarks.app/$(BUNDLE_EXECUTABLE_FOLDER_PATH)/Landmarks";
			};
			name = Release;
		};
		233779B029E922BC007A355B /* Debug */ = {
			isa = XCBuildConfiguration;
			buildSettings = {
				ALWAYS_EMBED_SWIFT_STANDARD_LIBRARIES = YES;
				CODE_SIGN_STYLE = Automatic;
				CURRENT_PROJECT_VERSION = 1;
				GENERATE_INFOPLIST_FILE = YES;
				MARKETING_VERSION = 1.0;
				PRODUCT_BUNDLE_IDENTIFIER = me.vashist.LandmarksUITests;
				PRODUCT_NAME = "$(TARGET_NAME)";
				SWIFT_EMIT_LOC_STRINGS = NO;
				SWIFT_VERSION = 5.0;
				TARGETED_DEVICE_FAMILY = "1,2";
				TEST_TARGET_NAME = Landmarks;
			};
			name = Debug;
		};
		233779B129E922BC007A355B /* Release */ = {
			isa = XCBuildConfiguration;
			buildSettings = {
				ALWAYS_EMBED_SWIFT_STANDARD_LIBRARIES = YES;
				CODE_SIGN_STYLE = Automatic;
				CURRENT_PROJECT_VERSION = 1;
				GENERATE_INFOPLIST_FILE = YES;
				MARKETING_VERSION = 1.0;
				PRODUCT_BUNDLE_IDENTIFIER = me.vashist.LandmarksUITests;
				PRODUCT_NAME = "$(TARGET_NAME)";
				SWIFT_EMIT_LOC_STRINGS = NO;
				SWIFT_VERSION = 5.0;
				TARGETED_DEVICE_FAMILY = "1,2";
				TEST_TARGET_NAME = Landmarks;
			};
			name = Release;
		};
/* End XCBuildConfiguration section */

/* Begin XCConfigurationList section */
		2337798029E922BB007A355B /* Build configuration list for PBXProject "Landmarks" */ = {
			isa = XCConfigurationList;
			buildConfigurations = (
				233779A729E922BC007A355B /* Debug */,
				233779A829E922BC007A355B /* Release */,
			);
			defaultConfigurationIsVisible = 0;
			defaultConfigurationName = Release;
		};
		233779A929E922BC007A355B /* Build configuration list for PBXNativeTarget "Landmarks" */ = {
			isa = XCConfigurationList;
			buildConfigurations = (
				233779AA29E922BC007A355B /* Debug */,
				233779AB29E922BC007A355B /* Release */,
			);
			defaultConfigurationIsVisible = 0;
			defaultConfigurationName = Release;
		};
		233779AC29E922BC007A355B /* Build configuration list for PBXNativeTarget "LandmarksTests" */ = {
			isa = XCConfigurationList;
			buildConfigurations = (
				233779AD29E922BC007A355B /* Debug */,
				233779AE29E922BC007A355B /* Release */,
			);
			defaultConfigurationIsVisible = 0;
			defaultConfigurationName = Release;
		};
		233779AF29E922BC007A355B /* Build configuration list for PBXNativeTarget "LandmarksUITests" */ = {
			isa = XCConfigurationList;
			buildConfigurations = (
				233779B029E922BC007A355B /* Debug */,
				233779B129E922BC007A355B /* Release */,
			);
			defaultConfigurationIsVisible = 0;
			defaultConfigurationName = Release;
		};
/* End XCConfigurationList section */
	};
	rootObject = 2337797D29E922BB007A355B /* Project object */;
}
